{
  "name": "git",
  "version": "0.1.0",
  "lockfileVersion": 3,
  "requires": true,
  "packages": {
    "apps/api": {
      "name": "@daily-timeline/api",
      "version": "0.1.0",
      "extraneous": true,
      "dependencies": {
        "@daily-timeline/types": "0.1.0",
        "fastify": "^5.2.1",
        "zod": "^3.24.2"
      },
      "devDependencies": {
        "@types/node": "^22.10.5",
        "tsx": "^4.19.2",
        "typescript": "^5.7.3",
        "vitest": "^3.0.2"
      }
    },
    "apps/web": {
      "name": "@daily-timeline/web",
      "version": "0.1.0",
      "extraneous": true,
      "dependencies": {
        "@daily-timeline/types": "0.1.0",
        "react": "^18.3.1",
        "react-dom": "^18.3.1"
      },
      "devDependencies": {
        "@testing-library/jest-dom": "^6.9.1",
        "@testing-library/react": "^16.3.2",
        "@types/react": "^18.3.12",
        "@types/react-dom": "^18.3.1",
        "@vitejs/plugin-react": "^4.3.4",
        "jsdom": "^29.0.1",
        "typescript": "^5.8.2",
        "vite": "^5.4.12",
        "vitest": "^4.1.2"
      }
    },
    "packages/types": {
      "name": "@daily-timeline/types",
      "version": "0.1.0",
      "extraneous": true,
      "devDependencies": {
        "typescript": "^5.8.2",
        "vitest": "^4.1.2"
      }
    }
  }
}